
Microsoft Visual Studio Solution File, Format Version 12.00
# Visual Studio Version 17
VisualStudioVersion = 17.3.32929.385
MinimumVisualStudioVersion = 10.0.40219.1
Project("{9A19103F-16F7-4668-BE54-9A1E7A4F7556}") = "LearnMsSql", "LearnMsSql.csproj", "{99D74A3F-774B-4A56-85E8-C3B60AD49303}"
EndProject
Project("{9A19103F-16F7-4668-BE54-9A1E7A4F7556}") = "TestNewMenu", "..\TestPO\TestNewMenu.csproj", "{7C9D3442-629E-41AD-BED2-5C33D0229019}"
EndProject
Project("{9A19103F-16F7-4668-BE54-9A1E7A4F7556}") = "TestingIdea", "..\TestingIdea\TestingIdea.csproj", "{BCE99AC4-D4A1-406B-A2BC-EB7418BF0EAC}"
EndProject
Project("{9A19103F-16F7-4668-BE54-9A1E7A4F7556}") = "DbContextAndAp", "..\DbAndAPI\DbAndAPI\DbContextAndAp.csproj", "{4B8B19AD-9D2D-4B67-8A38-AB0C4B397790}"
EndProject
Global
	GlobalSection(SolutionConfigurationPlatforms) = preSolution
		Debug|Any CPU = Debug|Any CPU
		Release|Any CPU = Release|Any CPU
	EndGlobalSection
	GlobalSection(ProjectConfigurationPlatforms) = postSolution
		{99D74A3F-774B-4A56-85E8-C3B60AD49303}.Debug|Any CPU.ActiveCfg = Debug|Any CPU
		{99D74A3F-774B-4A56-85E8-C3B60AD49303}.Debug|Any CPU.Build.0 = Debug|Any CPU
		{99D74A3F-774B-4A56-85E8-C3B60AD49303}.Release|Any CPU.ActiveCfg = Release|Any CPU
		{99D74A3F-774B-4A56-85E8-C3B60AD49303}.Release|Any CPU.Build.0 = Release|Any CPU
		{7C9D3442-629E-41AD-BED2-5C33D0229019}.Debug|Any CPU.ActiveCfg = Debug|Any CPU
		{7C9D3442-629E-41AD-BED2-5C33D0229019}.Debug|Any CPU.Build.0 = Debug|Any CPU
		{7C9D3442-629E-41AD-BED2-5C33D0229019}.Release|Any CPU.ActiveCfg = Release|Any CPU
		{7C9D3442-629E-41AD-BED2-5C33D0229019}.Release|Any CPU.Build.0 = Release|Any CPU
		{BCE99AC4-D4A1-406B-A2BC-EB7418BF0EAC}.Debug|Any CPU.ActiveCfg = Debug|Any CPU
		{BCE99AC4-D4A1-406B-A2BC-EB7418BF0EAC}.Debug|Any CPU.Build.0 = Debug|Any CPU
		{BCE99AC4-D4A1-406B-A2BC-EB7418BF0EAC}.Release|Any CPU.ActiveCfg = Release|Any CPU
		{BCE99AC4-D4A1-406B-A2BC-EB7418BF0EAC}.Release|Any CPU.Build.0 = Release|Any CPU
		{4B8B19AD-9D2D-4B67-8A38-AB0C4B397790}.Debug|Any CPU.ActiveCfg = Debug|Any CPU
		{4B8B19AD-9D2D-4B67-8A38-AB0C4B397790}.Debug|Any CPU.Build.0 = Debug|Any CPU
		{4B8B19AD-9D2D-4B67-8A38-AB0C4B397790}.Release|Any CPU.ActiveCfg = Release|Any CPU
		{4B8B19AD-9D2D-4B67-8A38-AB0C4B397790}.Release|Any CPU.Build.0 = Release|Any CPU
	EndGlobalSection
	GlobalSection(SolutionProperties) = preSolution
		HideSolutionNode = FALSE
	EndGlobalSection
	GlobalSection(ExtensibilityGlobals) = postSolution
		SolutionGuid = {0D5E059D-2548-4351-BF20-3748C1583D53}
	EndGlobalSection
EndGlobal
